// !$*UTF8*$!
{
	archiveVersion = 1;
	classes = {
	};
	objectVersion = 46;
	objects = {

/* Begin PBXBuildFile section */
		301494944B454DD413B1D6D0 /* Pods_ClosrTests.framework in Frameworks */ = {isa = PBXBuildFile; fileRef = 4D653DC0E498BF0870733AE2 /* Pods_ClosrTests.framework */; };
		36D94ACD1E5E889E00868A29 /* GoogleService-Info.plist in Resources */ = {isa = PBXBuildFile; fileRef = 36D94ACC1E5E889E00868A29 /* GoogleService-Info.plist */; };
		36D94B861E7A37B500868A29 /* Assets.xcassets in Resources */ = {isa = PBXBuildFile; fileRef = 36D94B851E7A37B500868A29 /* Assets.xcassets */; };
		4CA91CD81E577AAF00A8F51C /* Notification.swift in Sources */ = {isa = PBXBuildFile; fileRef = 4CA91CD71E577AAF00A8F51C /* Notification.swift */; };
		4CFFEE771E7B0B31009E8CB7 /* Promotion.swift in Sources */ = {isa = PBXBuildFile; fileRef = 4CFFEE761E7B0B31009E8CB7 /* Promotion.swift */; };
		69173E9D1F12948200F791A5 /* DetailTableViewController.swift in Sources */ = {isa = PBXBuildFile; fileRef = 69173E9C1F12948200F791A5 /* DetailTableViewController.swift */; };
		691B58FD1E87875C00ABEF6A /* ProfileActionFooterView.swift in Sources */ = {isa = PBXBuildFile; fileRef = 691B58FC1E87875C00ABEF6A /* ProfileActionFooterView.swift */; };
		6942D1031EF8BE8B00988471 /* Launch Screen.storyboard in Resources */ = {isa = PBXBuildFile; fileRef = 6942D1021EF8BE8B00988471 /* Launch Screen.storyboard */; };
		6942D1051EFA0BD600988471 /* UIViewController+Appearance.swift in Sources */ = {isa = PBXBuildFile; fileRef = 6942D1041EFA0BD600988471 /* UIViewController+Appearance.swift */; };
		6942D1071EFA1B6500988471 /* UIView+Animation.swift in Sources */ = {isa = PBXBuildFile; fileRef = 6942D1061EFA1B6500988471 /* UIView+Animation.swift */; };
		695A316A1ECC3AC50087183F /* ReviewHelperTests.swift in Sources */ = {isa = PBXBuildFile; fileRef = 695A31691ECC3AC50087183F /* ReviewHelperTests.swift */; };
		698CFD751F43F99900ECF7AA /* EventGalleryTableViewCell.swift in Sources */ = {isa = PBXBuildFile; fileRef = 698CFD741F43F99900ECF7AA /* EventGalleryTableViewCell.swift */; };
		69BA88571EDA375B0039E237 /* CategoryCollectionViewCell.swift in Sources */ = {isa = PBXBuildFile; fileRef = 69BA88561EDA375B0039E237 /* CategoryCollectionViewCell.swift */; };
		69BA88591EDA3AF40039E237 /* CategoryCarouselTableViewCell.swift in Sources */ = {isa = PBXBuildFile; fileRef = 69BA88581EDA3AF40039E237 /* CategoryCarouselTableViewCell.swift */; };
		69BA885B1EDA460B0039E237 /* TableViewSectionHeader.swift in Sources */ = {isa = PBXBuildFile; fileRef = 69BA885A1EDA460B0039E237 /* TableViewSectionHeader.swift */; };
		69BD54901E86C20C0037A7EE /* EventAttendantCollectionViewCell.swift in Sources */ = {isa = PBXBuildFile; fileRef = 69BD548F1E86C20C0037A7EE /* EventAttendantCollectionViewCell.swift */; };
		69C810BA1F316B7000113A41 /* EventAttendantTableViewCell.swift in Sources */ = {isa = PBXBuildFile; fileRef = 69C810B91F316B7000113A41 /* EventAttendantTableViewCell.swift */; };
		69E322701F4536CC00061903 /* EventMapTableViewCell.swift in Sources */ = {isa = PBXBuildFile; fileRef = 69E3226F1F4536CC00061903 /* EventMapTableViewCell.swift */; };
		69E750821E86122A00E7EFB0 /* SegmentControlTableViewCell.swift in Sources */ = {isa = PBXBuildFile; fileRef = 69E750811E86122A00E7EFB0 /* SegmentControlTableViewCell.swift */; };
		69F13CAF1E82B38100E3483F /* Event.swift in Sources */ = {isa = PBXBuildFile; fileRef = 69F13CAE1E82B38100E3483F /* Event.swift */; };
		69FA43281F26F96900A16BB8 /* EventViewController.swift in Sources */ = {isa = PBXBuildFile; fileRef = 69FA43271F26F96900A16BB8 /* EventViewController.swift */; };
		69FA432E1F26FA1200A16BB8 /* JoinEventListViewController.swift in Sources */ = {isa = PBXBuildFile; fileRef = 69FA43291F26FA1200A16BB8 /* JoinEventListViewController.swift */; };
		69FA432F1F26FA1200A16BB8 /* JoinEventTableViewCell.swift in Sources */ = {isa = PBXBuildFile; fileRef = 69FA432A1F26FA1200A16BB8 /* JoinEventTableViewCell.swift */; };
		69FA43301F26FA1200A16BB8 /* MyEventCollectionViewCell.swift in Sources */ = {isa = PBXBuildFile; fileRef = 69FA432B1F26FA1200A16BB8 /* MyEventCollectionViewCell.swift */; };
		69FA43311F26FA1200A16BB8 /* MyEventTableViewCell.swift in Sources */ = {isa = PBXBuildFile; fileRef = 69FA432C1F26FA1200A16BB8 /* MyEventTableViewCell.swift */; };
		69FA43321F26FA1200A16BB8 /* MyEventViewController.swift in Sources */ = {isa = PBXBuildFile; fileRef = 69FA432D1F26FA1200A16BB8 /* MyEventViewController.swift */; };
		69FA43361F2851E800A16BB8 /* EventDetailViewController.swift in Sources */ = {isa = PBXBuildFile; fileRef = 69FA43351F2851E800A16BB8 /* EventDetailViewController.swift */; };
		69FA43391F2854C400A16BB8 /* EventInfoTableViewCell.swift in Sources */ = {isa = PBXBuildFile; fileRef = 69FA43381F2854C400A16BB8 /* EventInfoTableViewCell.swift */; };
		A188F4BD87B3ACCD9E2C5CE6 /* Pods_Closr.framework in Frameworks */ = {isa = PBXBuildFile; fileRef = 30EB2C47AC3DCFBC8CA59712 /* Pods_Closr.framework */; };
		E42562F91E703CD10078E9ED /* RestaurantDetailDescriptionCell.swift in Sources */ = {isa = PBXBuildFile; fileRef = E42562F61E703CD10078E9ED /* RestaurantDetailDescriptionCell.swift */; };
		E42562FA1E703CD10078E9ED /* ImageCarouselViewController.swift in Sources */ = {isa = PBXBuildFile; fileRef = E42562F71E703CD10078E9ED /* ImageCarouselViewController.swift */; };
		E42563011E718B430078E9ED /* UILabel+Make.swift in Sources */ = {isa = PBXBuildFile; fileRef = E42563001E718B430078E9ED /* UILabel+Make.swift */; };
		E42563041E7190420078E9ED /* ReviewHelper.swift in Sources */ = {isa = PBXBuildFile; fileRef = E42563031E7190420078E9ED /* ReviewHelper.swift */; };
		E458B1D91E66FFA100EE7736 /* CreateEventViewController.swift in Sources */ = {isa = PBXBuildFile; fileRef = E458B1D81E66FFA100EE7736 /* CreateEventViewController.swift */; };
		E458B1DC1E6701E700EE7736 /* TextFieldTableViewCell.swift in Sources */ = {isa = PBXBuildFile; fileRef = E458B1DB1E6701E700EE7736 /* TextFieldTableViewCell.swift */; };
		E458B1DE1E6701FC00EE7736 /* RangeSliderTableViewCell.swift in Sources */ = {isa = PBXBuildFile; fileRef = E458B1DD1E6701FC00EE7736 /* RangeSliderTableViewCell.swift */; };
		E46A44921E8CA4BE00B9CB10 /* ProfileInfoHeaderView.swift in Sources */ = {isa = PBXBuildFile; fileRef = E46A44911E8CA4BE00B9CB10 /* ProfileInfoHeaderView.swift */; };
		E46ECDE01E50D61800785BE6 /* ProfileConfirmViewController.swift in Sources */ = {isa = PBXBuildFile; fileRef = E46ECDDF1E50D61800785BE6 /* ProfileConfirmViewController.swift */; };
		E46ECDE61E50D66400785BE6 /* LoginViewController.swift in Sources */ = {isa = PBXBuildFile; fileRef = E46ECDE41E50D66400785BE6 /* LoginViewController.swift */; };
		E46ECDEA1E50D6C400785BE6 /* Device.swift in Sources */ = {isa = PBXBuildFile; fileRef = E46ECDE91E50D6C400785BE6 /* Device.swift */; };
		E46ECDED1E50DA2400785BE6 /* ProfileContainerView.swift in Sources */ = {isa = PBXBuildFile; fileRef = E46ECDEC1E50DA2400785BE6 /* ProfileContainerView.swift */; };
		E46ECDEF1E50DD9500785BE6 /* ProfileConstant.swift in Sources */ = {isa = PBXBuildFile; fileRef = E46ECDEE1E50DD9500785BE6 /* ProfileConstant.swift */; };
		E46ECDF81E50E49B00785BE6 /* Image+Editing.swift in Sources */ = {isa = PBXBuildFile; fileRef = E46ECDF71E50E49B00785BE6 /* Image+Editing.swift */; };
		E46ECDFB1E511EB400785BE6 /* User.swift in Sources */ = {isa = PBXBuildFile; fileRef = E46ECDFA1E511EB400785BE6 /* User.swift */; };
		E46ECDFD1E51313C00785BE6 /* String+Format.swift in Sources */ = {isa = PBXBuildFile; fileRef = E46ECDFC1E51313C00785BE6 /* String+Format.swift */; };
		E4713ED91E399ED2004CC166 /* AppDelegate.swift in Sources */ = {isa = PBXBuildFile; fileRef = E4713ED81E399ED2004CC166 /* AppDelegate.swift */; };
		E4713EDB1E399ED2004CC166 /* RootViewController.swift in Sources */ = {isa = PBXBuildFile; fileRef = E4713EDA1E399ED2004CC166 /* RootViewController.swift */; };
		E4713EE11E399ED2004CC166 /* Closr.xcdatamodeld in Sources */ = {isa = PBXBuildFile; fileRef = E4713EDF1E399ED2004CC166 /* Closr.xcdatamodeld */; };
		E4713EFC1E399ED3004CC166 /* ClosrUITests.swift in Sources */ = {isa = PBXBuildFile; fileRef = E4713EFB1E399ED3004CC166 /* ClosrUITests.swift */; };
		E477EFF91E56652600ED7806 /* PromotionListConstant.swift in Sources */ = {isa = PBXBuildFile; fileRef = E477EFF81E56652600ED7806 /* PromotionListConstant.swift */; };
		E477EFFB1E5668DA00ED7806 /* PromotionCollectionViewCell.swift in Sources */ = {isa = PBXBuildFile; fileRef = E477EFFA1E5668DA00ED7806 /* PromotionCollectionViewCell.swift */; };
		E477EFFD1E56692400ED7806 /* PromotionContainerView.swift in Sources */ = {isa = PBXBuildFile; fileRef = E477EFFC1E56692400ED7806 /* PromotionContainerView.swift */; };
		E477F0051E56710300ED7806 /* AppAppearance.swift in Sources */ = {isa = PBXBuildFile; fileRef = E477F0041E56710300ED7806 /* AppAppearance.swift */; };
		E477F0071E567DBF00ED7806 /* Reusable.swift in Sources */ = {isa = PBXBuildFile; fileRef = E477F0061E567DBF00ED7806 /* Reusable.swift */; };
		E477F0091E57305600ED7806 /* TabBarController.swift in Sources */ = {isa = PBXBuildFile; fileRef = E477F0081E57305600ED7806 /* TabBarController.swift */; };
		E477F00B1E5730A100ED7806 /* PromotionListViewController.swift in Sources */ = {isa = PBXBuildFile; fileRef = E477F00A1E5730A100ED7806 /* PromotionListViewController.swift */; };
		E477F00D1E5DC74D00ED7806 /* Location.swift in Sources */ = {isa = PBXBuildFile; fileRef = E477F00C1E5DC74D00ED7806 /* Location.swift */; };
		E477F00F1E5DCB7600ED7806 /* RestaurantDetailViewController.swift in Sources */ = {isa = PBXBuildFile; fileRef = E477F00E1E5DCB7600ED7806 /* RestaurantDetailViewController.swift */; };
		E477F0181E5DDBB400ED7806 /* ImageCarouselCell.swift in Sources */ = {isa = PBXBuildFile; fileRef = E477F0171E5DDBB400ED7806 /* ImageCarouselCell.swift */; };
		E4A885BA1E53414F0093829E /* KeyboardObserver.swift in Sources */ = {isa = PBXBuildFile; fileRef = E4A885B91E53414F0093829E /* KeyboardObserver.swift */; };
		E4AAB7391E3ECC12001EB362 /* PlaceSearchRequest.swift in Sources */ = {isa = PBXBuildFile; fileRef = E4AAB7381E3ECC12001EB362 /* PlaceSearchRequest.swift */; };
		E4AAB73C1E3ECC6B001EB362 /* YelpPlace.swift in Sources */ = {isa = PBXBuildFile; fileRef = E4AAB73B1E3ECC6A001EB362 /* YelpPlace.swift */; };
		E4AAB73E1E3ECC93001EB362 /* YelpPlaceSearch.swift in Sources */ = {isa = PBXBuildFile; fileRef = E4AAB73D1E3ECC93001EB362 /* YelpPlaceSearch.swift */; };
		E4AAB7431E407E25001EB362 /* ImageLoader.swift in Sources */ = {isa = PBXBuildFile; fileRef = E4AAB7421E407E25001EB362 /* ImageLoader.swift */; };
		E4E99DFE1E7A31B400A10DA7 /* RestaurantTableViewCell.swift in Sources */ = {isa = PBXBuildFile; fileRef = E4E99DFD1E7A31B400A10DA7 /* RestaurantTableViewCell.swift */; };
		E4E99E041E7A31F100A10DA7 /* RestaurantListViewController.swift in Sources */ = {isa = PBXBuildFile; fileRef = E4E99E031E7A31F100A10DA7 /* RestaurantListViewController.swift */; };
/* End PBXBuildFile section */

/* Begin PBXContainerItemProxy section */
		E4713EED1E399ED3004CC166 /* PBXContainerItemProxy */ = {
			isa = PBXContainerItemProxy;
			containerPortal = E4713ECD1E399ED2004CC166 /* Project object */;
			proxyType = 1;
			remoteGlobalIDString = E4713ED41E399ED2004CC166;
			remoteInfo = Closr;
		};
		E4713EF81E399ED3004CC166 /* PBXContainerItemProxy */ = {
			isa = PBXContainerItemProxy;
			containerPortal = E4713ECD1E399ED2004CC166 /* Project object */;
			proxyType = 1;
			remoteGlobalIDString = E4713ED41E399ED2004CC166;
			remoteInfo = Closr;
		};
/* End PBXContainerItemProxy section */

/* Begin PBXFileReference section */
		2D49278ECCB91E5347BDEBE1 /* Pods-ClosrTests.debug.xcconfig */ = {isa = PBXFileReference; includeInIndex = 1; lastKnownFileType = text.xcconfig; name = "Pods-ClosrTests.debug.xcconfig"; path = "Pods/Target Support Files/Pods-ClosrTests/Pods-ClosrTests.debug.xcconfig"; sourceTree = "<group>"; };
		30EB2C47AC3DCFBC8CA59712 /* Pods_Closr.framework */ = {isa = PBXFileReference; explicitFileType = wrapper.framework; includeInIndex = 0; path = Pods_Closr.framework; sourceTree = BUILT_PRODUCTS_DIR; };
		353B364B06A9A5F276964D4C /* Pods-ClosrUITests.release.xcconfig */ = {isa = PBXFileReference; includeInIndex = 1; lastKnownFileType = text.xcconfig; name = "Pods-ClosrUITests.release.xcconfig"; path = "Pods/Target Support Files/Pods-ClosrUITests/Pods-ClosrUITests.release.xcconfig"; sourceTree = "<group>"; };
		36D94ACC1E5E889E00868A29 /* GoogleService-Info.plist */ = {isa = PBXFileReference; fileEncoding = 4; lastKnownFileType = text.plist.xml; path = "GoogleService-Info.plist"; sourceTree = "<group>"; };
		36D94B851E7A37B500868A29 /* Assets.xcassets */ = {isa = PBXFileReference; lastKnownFileType = folder.assetcatalog; path = Assets.xcassets; sourceTree = "<group>"; };
		48B494F9B1CEF7FCA9E464A3 /* Pods-Closr.debug.xcconfig */ = {isa = PBXFileReference; includeInIndex = 1; lastKnownFileType = text.xcconfig; name = "Pods-Closr.debug.xcconfig"; path = "Pods/Target Support Files/Pods-Closr/Pods-Closr.debug.xcconfig"; sourceTree = "<group>"; };
		4CA91CD71E577AAF00A8F51C /* Notification.swift */ = {isa = PBXFileReference; fileEncoding = 4; lastKnownFileType = sourcecode.swift; name = Notification.swift; path = Shared/Notification.swift; sourceTree = "<group>"; };
		4CFFEE761E7B0B31009E8CB7 /* Promotion.swift */ = {isa = PBXFileReference; fileEncoding = 4; lastKnownFileType = sourcecode.swift; name = Promotion.swift; path = Promotion/Model/Promotion.swift; sourceTree = "<group>"; };
		4D653DC0E498BF0870733AE2 /* Pods_ClosrTests.framework */ = {isa = PBXFileReference; explicitFileType = wrapper.framework; includeInIndex = 0; path = Pods_ClosrTests.framework; sourceTree = BUILT_PRODUCTS_DIR; };
		50163C0A5221D5BF6257B9A8 /* Pods-ClosrTests.release.xcconfig */ = {isa = PBXFileReference; includeInIndex = 1; lastKnownFileType = text.xcconfig; name = "Pods-ClosrTests.release.xcconfig"; path = "Pods/Target Support Files/Pods-ClosrTests/Pods-ClosrTests.release.xcconfig"; sourceTree = "<group>"; };
		69173E9C1F12948200F791A5 /* DetailTableViewController.swift */ = {isa = PBXFileReference; fileEncoding = 4; lastKnownFileType = sourcecode.swift; name = DetailTableViewController.swift; path = Restaurant/DetailTableViewController.swift; sourceTree = "<group>"; };
		691B58FC1E87875C00ABEF6A /* ProfileActionFooterView.swift */ = {isa = PBXFileReference; fileEncoding = 4; lastKnownFileType = sourcecode.swift; name = ProfileActionFooterView.swift; path = User/Profile/View/ProfileActionFooterView.swift; sourceTree = "<group>"; };
		6942D1021EF8BE8B00988471 /* Launch Screen.storyboard */ = {isa = PBXFileReference; fileEncoding = 4; lastKnownFileType = file.storyboard; path = "Launch Screen.storyboard"; sourceTree = "<group>"; };
		6942D1041EFA0BD600988471 /* UIViewController+Appearance.swift */ = {isa = PBXFileReference; fileEncoding = 4; lastKnownFileType = sourcecode.swift; name = "UIViewController+Appearance.swift"; path = "Shared/UIViewController+Appearance.swift"; sourceTree = "<group>"; };
		6942D1061EFA1B6500988471 /* UIView+Animation.swift */ = {isa = PBXFileReference; fileEncoding = 4; lastKnownFileType = sourcecode.swift; name = "UIView+Animation.swift"; path = "Shared/UIView+Animation.swift"; sourceTree = "<group>"; };
		695A31691ECC3AC50087183F /* ReviewHelperTests.swift */ = {isa = PBXFileReference; fileEncoding = 4; lastKnownFileType = sourcecode.swift; path = ReviewHelperTests.swift; sourceTree = "<group>"; };
		698CFD741F43F99900ECF7AA /* EventGalleryTableViewCell.swift */ = {isa = PBXFileReference; fileEncoding = 4; lastKnownFileType = sourcecode.swift; name = EventGalleryTableViewCell.swift; path = Event/EventGalleryTableViewCell.swift; sourceTree = "<group>"; };
		69BA88561EDA375B0039E237 /* CategoryCollectionViewCell.swift */ = {isa = PBXFileReference; fileEncoding = 4; lastKnownFileType = sourcecode.swift; path = CategoryCollectionViewCell.swift; sourceTree = "<group>"; };
		69BA88581EDA3AF40039E237 /* CategoryCarouselTableViewCell.swift */ = {isa = PBXFileReference; fileEncoding = 4; lastKnownFileType = sourcecode.swift; path = CategoryCarouselTableViewCell.swift; sourceTree = "<group>"; };
		69BA885A1EDA460B0039E237 /* TableViewSectionHeader.swift */ = {isa = PBXFileReference; fileEncoding = 4; lastKnownFileType = sourcecode.swift; path = TableViewSectionHeader.swift; sourceTree = "<group>"; };
		69BD548F1E86C20C0037A7EE /* EventAttendantCollectionViewCell.swift */ = {isa = PBXFileReference; fileEncoding = 4; lastKnownFileType = sourcecode.swift; name = EventAttendantCollectionViewCell.swift; path = Event/View/EventAttendantCollectionViewCell.swift; sourceTree = "<group>"; };
		69C810B91F316B7000113A41 /* EventAttendantTableViewCell.swift */ = {isa = PBXFileReference; fileEncoding = 4; lastKnownFileType = sourcecode.swift; name = EventAttendantTableViewCell.swift; path = Event/EventAttendantTableViewCell.swift; sourceTree = "<group>"; };
		69E3226F1F4536CC00061903 /* EventMapTableViewCell.swift */ = {isa = PBXFileReference; fileEncoding = 4; lastKnownFileType = sourcecode.swift; name = EventMapTableViewCell.swift; path = Event/EventMapTableViewCell.swift; sourceTree = "<group>"; };
		69E750811E86122A00E7EFB0 /* SegmentControlTableViewCell.swift */ = {isa = PBXFileReference; fileEncoding = 4; lastKnownFileType = sourcecode.swift; name = SegmentControlTableViewCell.swift; path = Event/View/SegmentControlTableViewCell.swift; sourceTree = "<group>"; };
		69F13CAE1E82B38100E3483F /* Event.swift */ = {isa = PBXFileReference; fileEncoding = 4; lastKnownFileType = sourcecode.swift; name = Event.swift; path = Event/Model/Event.swift; sourceTree = "<group>"; };
		69FA43271F26F96900A16BB8 /* EventViewController.swift */ = {isa = PBXFileReference; fileEncoding = 4; lastKnownFileType = sourcecode.swift; name = EventViewController.swift; path = Event/EventViewController.swift; sourceTree = "<group>"; };
		69FA43291F26FA1200A16BB8 /* JoinEventListViewController.swift */ = {isa = PBXFileReference; fileEncoding = 4; lastKnownFileType = sourcecode.swift; name = JoinEventListViewController.swift; path = Event/JoinEventListViewController.swift; sourceTree = "<group>"; };
		69FA432A1F26FA1200A16BB8 /* JoinEventTableViewCell.swift */ = {isa = PBXFileReference; fileEncoding = 4; lastKnownFileType = sourcecode.swift; lineEnding = 0; name = JoinEventTableViewCell.swift; path = Event/JoinEventTableViewCell.swift; sourceTree = "<group>"; xcLanguageSpecificationIdentifier = xcode.lang.swift; };
		69FA432B1F26FA1200A16BB8 /* MyEventCollectionViewCell.swift */ = {isa = PBXFileReference; fileEncoding = 4; lastKnownFileType = sourcecode.swift; lineEnding = 0; name = MyEventCollectionViewCell.swift; path = Event/MyEventCollectionViewCell.swift; sourceTree = "<group>"; xcLanguageSpecificationIdentifier = xcode.lang.swift; };
		69FA432C1F26FA1200A16BB8 /* MyEventTableViewCell.swift */ = {isa = PBXFileReference; fileEncoding = 4; lastKnownFileType = sourcecode.swift; name = MyEventTableViewCell.swift; path = Event/MyEventTableViewCell.swift; sourceTree = "<group>"; };
		69FA432D1F26FA1200A16BB8 /* MyEventViewController.swift */ = {isa = PBXFileReference; fileEncoding = 4; lastKnownFileType = sourcecode.swift; name = MyEventViewController.swift; path = Event/MyEventViewController.swift; sourceTree = "<group>"; };
		69FA43351F2851E800A16BB8 /* EventDetailViewController.swift */ = {isa = PBXFileReference; fileEncoding = 4; lastKnownFileType = sourcecode.swift; name = EventDetailViewController.swift; path = Event/EventDetailViewController.swift; sourceTree = "<group>"; };
		69FA43381F2854C400A16BB8 /* EventInfoTableViewCell.swift */ = {isa = PBXFileReference; fileEncoding = 4; lastKnownFileType = sourcecode.swift; lineEnding = 0; name = EventInfoTableViewCell.swift; path = Event/EventInfoTableViewCell.swift; sourceTree = "<group>"; xcLanguageSpecificationIdentifier = xcode.lang.swift; };
		6A7B4D8EF80D28ADA80777C1 /* Pods_Closr_ClosrTests.framework */ = {isa = PBXFileReference; explicitFileType = wrapper.framework; includeInIndex = 0; path = Pods_Closr_ClosrTests.framework; sourceTree = BUILT_PRODUCTS_DIR; };
		7E93C733ACEB26E3D0C76266 /* Pods_Closr_ClosrUITests.framework */ = {isa = PBXFileReference; explicitFileType = wrapper.framework; includeInIndex = 0; path = Pods_Closr_ClosrUITests.framework; sourceTree = BUILT_PRODUCTS_DIR; };
		A67206956609D6F4E129FFC4 /* Pods-Closr.release.xcconfig */ = {isa = PBXFileReference; includeInIndex = 1; lastKnownFileType = text.xcconfig; name = "Pods-Closr.release.xcconfig"; path = "Pods/Target Support Files/Pods-Closr/Pods-Closr.release.xcconfig"; sourceTree = "<group>"; };
		AA62D6A03167E727DFA31836 /* Pods-ClosrUITests.debug.xcconfig */ = {isa = PBXFileReference; includeInIndex = 1; lastKnownFileType = text.xcconfig; name = "Pods-ClosrUITests.debug.xcconfig"; path = "Pods/Target Support Files/Pods-ClosrUITests/Pods-ClosrUITests.debug.xcconfig"; sourceTree = "<group>"; };
		C65AFC946EB066773EB02F2F /* Pods_ClosrUITests.framework */ = {isa = PBXFileReference; explicitFileType = wrapper.framework; includeInIndex = 0; path = Pods_ClosrUITests.framework; sourceTree = BUILT_PRODUCTS_DIR; };
		E42562F61E703CD10078E9ED /* RestaurantDetailDescriptionCell.swift */ = {isa = PBXFileReference; fileEncoding = 4; lastKnownFileType = sourcecode.swift; name = RestaurantDetailDescriptionCell.swift; path = Restaurant/View/Detail/RestaurantDetailDescriptionCell.swift; sourceTree = "<group>"; };
		E42562F71E703CD10078E9ED /* ImageCarouselViewController.swift */ = {isa = PBXFileReference; fileEncoding = 4; lastKnownFileType = sourcecode.swift; name = ImageCarouselViewController.swift; path = Restaurant/View/Detail/ImageCarouselViewController.swift; sourceTree = "<group>"; };
		E42563001E718B430078E9ED /* UILabel+Make.swift */ = {isa = PBXFileReference; fileEncoding = 4; lastKnownFileType = sourcecode.swift; name = "UILabel+Make.swift"; path = "Shared/UILabel+Make.swift"; sourceTree = "<group>"; };
		E42563031E7190420078E9ED /* ReviewHelper.swift */ = {isa = PBXFileReference; fileEncoding = 4; lastKnownFileType = sourcecode.swift; name = ReviewHelper.swift; path = Review/ReviewHelper.swift; sourceTree = "<group>"; };
		E458B1D81E66FFA100EE7736 /* CreateEventViewController.swift */ = {isa = PBXFileReference; fileEncoding = 4; lastKnownFileType = sourcecode.swift; name = CreateEventViewController.swift; path = Event/CreateEventViewController.swift; sourceTree = "<group>"; };
		E458B1DB1E6701E700EE7736 /* TextFieldTableViewCell.swift */ = {isa = PBXFileReference; fileEncoding = 4; lastKnownFileType = sourcecode.swift; name = TextFieldTableViewCell.swift; path = Event/View/TextFieldTableViewCell.swift; sourceTree = "<group>"; };
		E458B1DD1E6701FC00EE7736 /* RangeSliderTableViewCell.swift */ = {isa = PBXFileReference; fileEncoding = 4; lastKnownFileType = sourcecode.swift; name = RangeSliderTableViewCell.swift; path = Event/View/RangeSliderTableViewCell.swift; sourceTree = "<group>"; };
		E46A44911E8CA4BE00B9CB10 /* ProfileInfoHeaderView.swift */ = {isa = PBXFileReference; fileEncoding = 4; lastKnownFileType = sourcecode.swift; name = ProfileInfoHeaderView.swift; path = Event/View/ProfileInfoHeaderView.swift; sourceTree = "<group>"; };
		E46ECDDF1E50D61800785BE6 /* ProfileConfirmViewController.swift */ = {isa = PBXFileReference; fileEncoding = 4; lastKnownFileType = sourcecode.swift; name = ProfileConfirmViewController.swift; path = User/Profile/ProfileConfirmViewController.swift; sourceTree = "<group>"; };
		E46ECDE41E50D66400785BE6 /* LoginViewController.swift */ = {isa = PBXFileReference; fileEncoding = 4; lastKnownFileType = sourcecode.swift; path = LoginViewController.swift; sourceTree = "<group>"; };
		E46ECDE91E50D6C400785BE6 /* Device.swift */ = {isa = PBXFileReference; fileEncoding = 4; lastKnownFileType = sourcecode.swift; name = Device.swift; path = Shared/Device.swift; sourceTree = "<group>"; };
		E46ECDEC1E50DA2400785BE6 /* ProfileContainerView.swift */ = {isa = PBXFileReference; fileEncoding = 4; lastKnownFileType = sourcecode.swift; name = ProfileContainerView.swift; path = User/Profile/View/ProfileContainerView.swift; sourceTree = "<group>"; };
		E46ECDEE1E50DD9500785BE6 /* ProfileConstant.swift */ = {isa = PBXFileReference; fileEncoding = 4; lastKnownFileType = sourcecode.swift; name = ProfileConstant.swift; path = User/Profile/View/ProfileConstant.swift; sourceTree = "<group>"; };
		E46ECDF71E50E49B00785BE6 /* Image+Editing.swift */ = {isa = PBXFileReference; fileEncoding = 4; lastKnownFileType = sourcecode.swift; name = "Image+Editing.swift"; path = "Image/Image+Editing.swift"; sourceTree = "<group>"; };
		E46ECDFA1E511EB400785BE6 /* User.swift */ = {isa = PBXFileReference; fileEncoding = 4; lastKnownFileType = sourcecode.swift; name = User.swift; path = User/Profile/Model/User.swift; sourceTree = "<group>"; };
		E46ECDFC1E51313C00785BE6 /* String+Format.swift */ = {isa = PBXFileReference; fileEncoding = 4; lastKnownFileType = sourcecode.swift; name = "String+Format.swift"; path = "Shared/String+Format.swift"; sourceTree = "<group>"; };
		E4713ED51E399ED2004CC166 /* Closr.app */ = {isa = PBXFileReference; explicitFileType = wrapper.application; includeInIndex = 0; path = Closr.app; sourceTree = BUILT_PRODUCTS_DIR; };
		E4713ED81E399ED2004CC166 /* AppDelegate.swift */ = {isa = PBXFileReference; lastKnownFileType = sourcecode.swift; path = AppDelegate.swift; sourceTree = "<group>"; };
		E4713EDA1E399ED2004CC166 /* RootViewController.swift */ = {isa = PBXFileReference; lastKnownFileType = sourcecode.swift; path = RootViewController.swift; sourceTree = "<group>"; };
		E4713EE01E399ED2004CC166 /* Closr.xcdatamodel */ = {isa = PBXFileReference; lastKnownFileType = wrapper.xcdatamodel; path = Closr.xcdatamodel; sourceTree = "<group>"; };
		E4713EE71E399ED2004CC166 /* Info.plist */ = {isa = PBXFileReference; lastKnownFileType = text.plist.xml; path = Info.plist; sourceTree = "<group>"; };
		E4713EEC1E399ED3004CC166 /* ClosrTests.xctest */ = {isa = PBXFileReference; explicitFileType = wrapper.cfbundle; includeInIndex = 0; path = ClosrTests.xctest; sourceTree = BUILT_PRODUCTS_DIR; };
		E4713EF21E399ED3004CC166 /* Info.plist */ = {isa = PBXFileReference; lastKnownFileType = text.plist.xml; path = Info.plist; sourceTree = "<group>"; };
		E4713EF71E399ED3004CC166 /* ClosrUITests.xctest */ = {isa = PBXFileReference; explicitFileType = wrapper.cfbundle; includeInIndex = 0; path = ClosrUITests.xctest; sourceTree = BUILT_PRODUCTS_DIR; };
		E4713EFB1E399ED3004CC166 /* ClosrUITests.swift */ = {isa = PBXFileReference; lastKnownFileType = sourcecode.swift; path = ClosrUITests.swift; sourceTree = "<group>"; };
		E4713EFD1E399ED3004CC166 /* Info.plist */ = {isa = PBXFileReference; lastKnownFileType = text.plist.xml; path = Info.plist; sourceTree = "<group>"; };
		E477EFF81E56652600ED7806 /* PromotionListConstant.swift */ = {isa = PBXFileReference; fileEncoding = 4; lastKnownFileType = sourcecode.swift; name = PromotionListConstant.swift; path = Promotion/View/PromotionListConstant.swift; sourceTree = "<group>"; };
		E477EFFA1E5668DA00ED7806 /* PromotionCollectionViewCell.swift */ = {isa = PBXFileReference; fileEncoding = 4; lastKnownFileType = sourcecode.swift; name = PromotionCollectionViewCell.swift; path = Promotion/View/PromotionCollectionViewCell.swift; sourceTree = "<group>"; };
		E477EFFC1E56692400ED7806 /* PromotionContainerView.swift */ = {isa = PBXFileReference; fileEncoding = 4; lastKnownFileType = sourcecode.swift; name = PromotionContainerView.swift; path = Promotion/View/PromotionContainerView.swift; sourceTree = "<group>"; };
		E477F0041E56710300ED7806 /* AppAppearance.swift */ = {isa = PBXFileReference; fileEncoding = 4; lastKnownFileType = sourcecode.swift; name = AppAppearance.swift; path = Shared/AppAppearance.swift; sourceTree = "<group>"; };
		E477F0061E567DBF00ED7806 /* Reusable.swift */ = {isa = PBXFileReference; fileEncoding = 4; lastKnownFileType = sourcecode.swift; name = Reusable.swift; path = Shared/Reusable.swift; sourceTree = "<group>"; };
		E477F0081E57305600ED7806 /* TabBarController.swift */ = {isa = PBXFileReference; fileEncoding = 4; lastKnownFileType = sourcecode.swift; path = TabBarController.swift; sourceTree = "<group>"; };
		E477F00A1E5730A100ED7806 /* PromotionListViewController.swift */ = {isa = PBXFileReference; fileEncoding = 4; lastKnownFileType = sourcecode.swift; name = PromotionListViewController.swift; path = Promotion/PromotionListViewController.swift; sourceTree = "<group>"; };
		E477F00C1E5DC74D00ED7806 /* Location.swift */ = {isa = PBXFileReference; fileEncoding = 4; lastKnownFileType = sourcecode.swift; name = Location.swift; path = Shared/Location.swift; sourceTree = "<group>"; };
		E477F00E1E5DCB7600ED7806 /* RestaurantDetailViewController.swift */ = {isa = PBXFileReference; fileEncoding = 4; lastKnownFileType = sourcecode.swift; name = RestaurantDetailViewController.swift; path = Restaurant/RestaurantDetailViewController.swift; sourceTree = "<group>"; };
		E477F0171E5DDBB400ED7806 /* ImageCarouselCell.swift */ = {isa = PBXFileReference; fileEncoding = 4; lastKnownFileType = sourcecode.swift; name = ImageCarouselCell.swift; path = Restaurant/View/Detail/ImageCarouselCell.swift; sourceTree = "<group>"; };
		E4A885B91E53414F0093829E /* KeyboardObserver.swift */ = {isa = PBXFileReference; fileEncoding = 4; lastKnownFileType = sourcecode.swift; name = KeyboardObserver.swift; path = Shared/KeyboardObserver.swift; sourceTree = "<group>"; };
		E4AAB7381E3ECC12001EB362 /* PlaceSearchRequest.swift */ = {isa = PBXFileReference; fileEncoding = 4; lastKnownFileType = sourcecode.swift; name = PlaceSearchRequest.swift; path = Place/Search/PlaceSearchRequest.swift; sourceTree = "<group>"; };
		E4AAB73B1E3ECC6A001EB362 /* YelpPlace.swift */ = {isa = PBXFileReference; fileEncoding = 4; lastKnownFileType = sourcecode.swift; name = YelpPlace.swift; path = Place/Search/Yelp/YelpPlace.swift; sourceTree = "<group>"; };
		E4AAB73D1E3ECC93001EB362 /* YelpPlaceSearch.swift */ = {isa = PBXFileReference; fileEncoding = 4; lastKnownFileType = sourcecode.swift; name = YelpPlaceSearch.swift; path = Place/Search/Yelp/YelpPlaceSearch.swift; sourceTree = "<group>"; };
		E4AAB7421E407E25001EB362 /* ImageLoader.swift */ = {isa = PBXFileReference; fileEncoding = 4; lastKnownFileType = sourcecode.swift; name = ImageLoader.swift; path = Image/ImageLoader.swift; sourceTree = "<group>"; };
		E4E99DFD1E7A31B400A10DA7 /* RestaurantTableViewCell.swift */ = {isa = PBXFileReference; fileEncoding = 4; lastKnownFileType = sourcecode.swift; path = RestaurantTableViewCell.swift; sourceTree = "<group>"; };
		E4E99E031E7A31F100A10DA7 /* RestaurantListViewController.swift */ = {isa = PBXFileReference; fileEncoding = 4; lastKnownFileType = sourcecode.swift; name = RestaurantListViewController.swift; path = Restaurant/RestaurantListViewController.swift; sourceTree = "<group>"; };
/* End PBXFileReference section */

/* Begin PBXFrameworksBuildPhase section */
		E4713ED21E399ED2004CC166 /* Frameworks */ = {
			isa = PBXFrameworksBuildPhase;
			buildActionMask = 2147483647;
			files = (
				A188F4BD87B3ACCD9E2C5CE6 /* Pods_Closr.framework in Frameworks */,
			);
			runOnlyForDeploymentPostprocessing = 0;
		};
		E4713EE91E399ED3004CC166 /* Frameworks */ = {
			isa = PBXFrameworksBuildPhase;
			buildActionMask = 2147483647;
			files = (
				301494944B454DD413B1D6D0 /* Pods_ClosrTests.framework in Frameworks */,
			);
			runOnlyForDeploymentPostprocessing = 0;
		};
		E4713EF41E399ED3004CC166 /* Frameworks */ = {
			isa = PBXFrameworksBuildPhase;
			buildActionMask = 2147483647;
			files = (
			);
			runOnlyForDeploymentPostprocessing = 0;
		};
/* End PBXFrameworksBuildPhase section */

/* Begin PBXGroup section */
		406E760EAE7372BF6ED1E497 /* Pods */ = {
			isa = PBXGroup;
			children = (
				48B494F9B1CEF7FCA9E464A3 /* Pods-Closr.debug.xcconfig */,
				A67206956609D6F4E129FFC4 /* Pods-Closr.release.xcconfig */,
				2D49278ECCB91E5347BDEBE1 /* Pods-ClosrTests.debug.xcconfig */,
				50163C0A5221D5BF6257B9A8 /* Pods-ClosrTests.release.xcconfig */,
				AA62D6A03167E727DFA31836 /* Pods-ClosrUITests.debug.xcconfig */,
				353B364B06A9A5F276964D4C /* Pods-ClosrUITests.release.xcconfig */,
			);
			name = Pods;
			sourceTree = "<group>";
		};
		4CA91CCE1E5766FF00A8F51C /* Model */ = {
			isa = PBXGroup;
			children = (
				4CFFEE761E7B0B31009E8CB7 /* Promotion.swift */,
			);
			name = Model;
			sourceTree = "<group>";
		};
		4CA91CCF1E5778DC00A8F51C /* Restaurant */ = {
			isa = PBXGroup;
			children = (
				4CA91CD21E5778FA00A8F51C /* View */,
				E477F00E1E5DCB7600ED7806 /* RestaurantDetailViewController.swift */,
				E42562F71E703CD10078E9ED /* ImageCarouselViewController.swift */,
				69173E9C1F12948200F791A5 /* DetailTableViewController.swift */,
				E4E99E031E7A31F100A10DA7 /* RestaurantListViewController.swift */,
			);
			name = Restaurant;
			sourceTree = "<group>";
		};
		4CA91CD21E5778FA00A8F51C /* View */ = {
			isa = PBXGroup;
			children = (
				E4E99DFC1E7A31B400A10DA7 /* List */,
				E477F0161E5DDB8100ED7806 /* Detail */,
			);
			name = View;
			sourceTree = "<group>";
		};
		69BEF7A11E8A0F1D00D33F38 /* Cell */ = {
			isa = PBXGroup;
			children = (
				E458B1DB1E6701E700EE7736 /* TextFieldTableViewCell.swift */,
				E458B1DD1E6701FC00EE7736 /* RangeSliderTableViewCell.swift */,
				69E750811E86122A00E7EFB0 /* SegmentControlTableViewCell.swift */,
			);
			name = Cell;
			sourceTree = "<group>";
		};
		69E322711F4541E700061903 /* CreateEvent */ = {
			isa = PBXGroup;
			children = (
				69BEF7A11E8A0F1D00D33F38 /* Cell */,
				E458B1D81E66FFA100EE7736 /* CreateEventViewController.swift */,
			);
			name = CreateEvent;
			sourceTree = "<group>";
		};
		69E322721F45420000061903 /* Cell */ = {
			isa = PBXGroup;
			children = (
				69FA43381F2854C400A16BB8 /* EventInfoTableViewCell.swift */,
				69BD548F1E86C20C0037A7EE /* EventAttendantCollectionViewCell.swift */,
				69C810B91F316B7000113A41 /* EventAttendantTableViewCell.swift */,
				698CFD741F43F99900ECF7AA /* EventGalleryTableViewCell.swift */,
				69E3226F1F4536CC00061903 /* EventMapTableViewCell.swift */,
			);
			name = Cell;
			sourceTree = "<group>";
		};
		69F13CAA1E82B2E000E3483F /* Model */ = {
			isa = PBXGroup;
			children = (
				69F13CAE1E82B38100E3483F /* Event.swift */,
			);
			name = Model;
			sourceTree = "<group>";
		};
		69FA43331F26FA1D00A16BB8 /* JoinEvent */ = {
			isa = PBXGroup;
			children = (
				69FA43291F26FA1200A16BB8 /* JoinEventListViewController.swift */,
				69FA432A1F26FA1200A16BB8 /* JoinEventTableViewCell.swift */,
			);
			name = JoinEvent;
			sourceTree = "<group>";
		};
		69FA43341F26FA2D00A16BB8 /* MyEvent */ = {
			isa = PBXGroup;
			children = (
				69FA432B1F26FA1200A16BB8 /* MyEventCollectionViewCell.swift */,
				69FA432C1F26FA1200A16BB8 /* MyEventTableViewCell.swift */,
				69FA432D1F26FA1200A16BB8 /* MyEventViewController.swift */,
			);
			name = MyEvent;
			sourceTree = "<group>";
		};
		69FA43371F28547B00A16BB8 /* EventDetail */ = {
			isa = PBXGroup;
			children = (
				69FA43351F2851E800A16BB8 /* EventDetailViewController.swift */,
				69E322721F45420000061903 /* Cell */,
			);
			name = EventDetail;
			sourceTree = "<group>";
		};
		6B63B94B507121C38A05698A /* Frameworks */ = {
			isa = PBXGroup;
			children = (
				30EB2C47AC3DCFBC8CA59712 /* Pods_Closr.framework */,
				4D653DC0E498BF0870733AE2 /* Pods_ClosrTests.framework */,
				C65AFC946EB066773EB02F2F /* Pods_ClosrUITests.framework */,
				6A7B4D8EF80D28ADA80777C1 /* Pods_Closr_ClosrTests.framework */,
				7E93C733ACEB26E3D0C76266 /* Pods_Closr_ClosrUITests.framework */,
			);
			name = Frameworks;
			sourceTree = "<group>";
		};
		E42563021E7190250078E9ED /* Review */ = {
			isa = PBXGroup;
			children = (
				E42563031E7190420078E9ED /* ReviewHelper.swift */,
			);
			name = Review;
			sourceTree = "<group>";
		};
		E458B1D11E65A56B00EE7736 /* Resources */ = {
			isa = PBXGroup;
			children = (
				E4713EDF1E399ED2004CC166 /* Closr.xcdatamodeld */,
				36D94B851E7A37B500868A29 /* Assets.xcassets */,
				E4713EE71E399ED2004CC166 /* Info.plist */,
				36D94ACC1E5E889E00868A29 /* GoogleService-Info.plist */,
			);
			name = Resources;
			sourceTree = "<group>";
		};
		E46ECDDE1E50D5D900785BE6 /* Profile */ = {
			isa = PBXGroup;
			children = (
				E46ECDDF1E50D61800785BE6 /* ProfileConfirmViewController.swift */,
				E46ECDF91E511E9500785BE6 /* Model */,
				E46ECDEB1E50DA0600785BE6 /* View */,
			);
			name = Profile;
			sourceTree = "<group>";
		};
		E46ECDE11E50D66400785BE6 /* Login */ = {
			isa = PBXGroup;
			children = (
				E46ECDE41E50D66400785BE6 /* LoginViewController.swift */,
			);
			name = Login;
			path = User/Login;
			sourceTree = "<group>";
		};
		E46ECDE81E50D6B200785BE6 /* Shared */ = {
			isa = PBXGroup;
			children = (
				E46ECDE91E50D6C400785BE6 /* Device.swift */,
				E477F00C1E5DC74D00ED7806 /* Location.swift */,
				E46ECDFC1E51313C00785BE6 /* String+Format.swift */,
				E42563001E718B430078E9ED /* UILabel+Make.swift */,
				E4A885B91E53414F0093829E /* KeyboardObserver.swift */,
				E477F0041E56710300ED7806 /* AppAppearance.swift */,
				6942D1041EFA0BD600988471 /* UIViewController+Appearance.swift */,
				6942D1061EFA1B6500988471 /* UIView+Animation.swift */,
				E477F0061E567DBF00ED7806 /* Reusable.swift */,
				4CA91CD71E577AAF00A8F51C /* Notification.swift */,
			);
			name = Shared;
			sourceTree = "<group>";
		};
		E46ECDEB1E50DA0600785BE6 /* View */ = {
			isa = PBXGroup;
			children = (
				E46ECDEC1E50DA2400785BE6 /* ProfileContainerView.swift */,
				691B58FC1E87875C00ABEF6A /* ProfileActionFooterView.swift */,
				E46A44911E8CA4BE00B9CB10 /* ProfileInfoHeaderView.swift */,
				E46ECDEE1E50DD9500785BE6 /* ProfileConstant.swift */,
			);
			name = View;
			sourceTree = "<group>";
		};
		E46ECDF91E511E9500785BE6 /* Model */ = {
			isa = PBXGroup;
			children = (
				E46ECDFA1E511EB400785BE6 /* User.swift */,
			);
			name = Model;
			sourceTree = "<group>";
		};
		E4713ECC1E399ED2004CC166 = {
			isa = PBXGroup;
			children = (
				E4713ED71E399ED2004CC166 /* Closr */,
				E4713EEF1E399ED3004CC166 /* ClosrTests */,
				E4713EFA1E399ED3004CC166 /* ClosrUITests */,
				E4713ED61E399ED2004CC166 /* Products */,
				406E760EAE7372BF6ED1E497 /* Pods */,
				6B63B94B507121C38A05698A /* Frameworks */,
			);
			sourceTree = "<group>";
		};
		E4713ED61E399ED2004CC166 /* Products */ = {
			isa = PBXGroup;
			children = (
				E4713ED51E399ED2004CC166 /* Closr.app */,
				E4713EEC1E399ED3004CC166 /* ClosrTests.xctest */,
				E4713EF71E399ED3004CC166 /* ClosrUITests.xctest */,
			);
			name = Products;
			sourceTree = "<group>";
		};
		E4713ED71E399ED2004CC166 /* Closr */ = {
			isa = PBXGroup;
			children = (
				E4713ED81E399ED2004CC166 /* AppDelegate.swift */,
				E4713EDA1E399ED2004CC166 /* RootViewController.swift */,
				E477F0081E57305600ED7806 /* TabBarController.swift */,
				6942D1021EF8BE8B00988471 /* Launch Screen.storyboard */,
				E42563021E7190250078E9ED /* Review */,
				4CA91CCF1E5778DC00A8F51C /* Restaurant */,
				E4AAB7411E407E05001EB362 /* Image */,
				E477EFF61E5664D400ED7806 /* Promotion */,
				E4713F141E39B747004CC166 /* Event */,
				E4713F121E39B736004CC166 /* User */,
				E4713F091E39B4B6004CC166 /* Place */,
				E46ECDE81E50D6B200785BE6 /* Shared */,
				E458B1D11E65A56B00EE7736 /* Resources */,
			);
			path = Closr;
			sourceTree = "<group>";
		};
		E4713EEF1E399ED3004CC166 /* ClosrTests */ = {
			isa = PBXGroup;
			children = (
				695A31691ECC3AC50087183F /* ReviewHelperTests.swift */,
				E4713EF21E399ED3004CC166 /* Info.plist */,
			);
			path = ClosrTests;
			sourceTree = "<group>";
		};
		E4713EFA1E399ED3004CC166 /* ClosrUITests */ = {
			isa = PBXGroup;
			children = (
				E4713EFB1E399ED3004CC166 /* ClosrUITests.swift */,
				E4713EFD1E399ED3004CC166 /* Info.plist */,
			);
			path = ClosrUITests;
			sourceTree = "<group>";
		};
		E4713F091E39B4B6004CC166 /* Place */ = {
			isa = PBXGroup;
			children = (
				E4E3286C1E3C711200C3003B /* Search */,
			);
			name = Place;
			sourceTree = "<group>";
		};
		E4713F121E39B736004CC166 /* User */ = {
			isa = PBXGroup;
			children = (
				E46ECDE11E50D66400785BE6 /* Login */,
				E46ECDDE1E50D5D900785BE6 /* Profile */,
			);
			name = User;
			sourceTree = "<group>";
		};
		E4713F141E39B747004CC166 /* Event */ = {
			isa = PBXGroup;
			children = (
				69FA43271F26F96900A16BB8 /* EventViewController.swift */,
				69FA43331F26FA1D00A16BB8 /* JoinEvent */,
				69FA43341F26FA2D00A16BB8 /* MyEvent */,
				69FA43371F28547B00A16BB8 /* EventDetail */,
				69E322711F4541E700061903 /* CreateEvent */,
				69F13CAA1E82B2E000E3483F /* Model */,
			);
			name = Event;
			sourceTree = "<group>";
		};
		E477EFF61E5664D400ED7806 /* Promotion */ = {
			isa = PBXGroup;
			children = (
				4CA91CCE1E5766FF00A8F51C /* Model */,
				E477EFF71E5664FB00ED7806 /* View */,
				E477F00A1E5730A100ED7806 /* PromotionListViewController.swift */,
			);
			name = Promotion;
			sourceTree = "<group>";
		};
		E477EFF71E5664FB00ED7806 /* View */ = {
			isa = PBXGroup;
			children = (
				E477EFF81E56652600ED7806 /* PromotionListConstant.swift */,
				E477EFFA1E5668DA00ED7806 /* PromotionCollectionViewCell.swift */,
				E477EFFC1E56692400ED7806 /* PromotionContainerView.swift */,
			);
			name = View;
			sourceTree = "<group>";
		};
		E477F0161E5DDB8100ED7806 /* Detail */ = {
			isa = PBXGroup;
			children = (
				E477F0171E5DDBB400ED7806 /* ImageCarouselCell.swift */,
				E42562F61E703CD10078E9ED /* RestaurantDetailDescriptionCell.swift */,
			);
			name = Detail;
			sourceTree = "<group>";
		};
		E4AAB73A1E3ECC4A001EB362 /* Yelp */ = {
			isa = PBXGroup;
			children = (
				E4AAB73B1E3ECC6A001EB362 /* YelpPlace.swift */,
				E4AAB73D1E3ECC93001EB362 /* YelpPlaceSearch.swift */,
			);
			name = Yelp;
			sourceTree = "<group>";
		};
		E4AAB7411E407E05001EB362 /* Image */ = {
			isa = PBXGroup;
			children = (
				E4AAB7421E407E25001EB362 /* ImageLoader.swift */,
				E46ECDF71E50E49B00785BE6 /* Image+Editing.swift */,
			);
			name = Image;
			sourceTree = "<group>";
		};
		E4E3286C1E3C711200C3003B /* Search */ = {
			isa = PBXGroup;
			children = (
				E4AAB7381E3ECC12001EB362 /* PlaceSearchRequest.swift */,
				E4AAB73A1E3ECC4A001EB362 /* Yelp */,
			);
			name = Search;
			sourceTree = "<group>";
		};
		E4E99DFC1E7A31B400A10DA7 /* List */ = {
			isa = PBXGroup;
			children = (
				E4E99DFD1E7A31B400A10DA7 /* RestaurantTableViewCell.swift */,
				69BA885A1EDA460B0039E237 /* TableViewSectionHeader.swift */,
				69BA88561EDA375B0039E237 /* CategoryCollectionViewCell.swift */,
				69BA88581EDA3AF40039E237 /* CategoryCarouselTableViewCell.swift */,
			);
			name = List;
			path = Restaurant/View/List;
			sourceTree = "<group>";
		};
/* End PBXGroup section */

/* Begin PBXNativeTarget section */
		E4713ED41E399ED2004CC166 /* Closr */ = {
			isa = PBXNativeTarget;
			buildConfigurationList = E4713F001E399ED3004CC166 /* Build configuration list for PBXNativeTarget "Closr" */;
			buildPhases = (
				5E180B25ADB170067C684736 /* [CP] Check Pods Manifest.lock */,
				E4713ED11E399ED2004CC166 /* Sources */,
				E4713ED21E399ED2004CC166 /* Frameworks */,
				E4713ED31E399ED2004CC166 /* Resources */,
				72AEF6F365887734CA548AF5 /* [CP] Embed Pods Frameworks */,
				AD17B846AA0FEC53A103F5C7 /* [CP] Copy Pods Resources */,
			);
			buildRules = (
			);
			dependencies = (
			);
			name = Closr;
			productName = Closr;
			productReference = E4713ED51E399ED2004CC166 /* Closr.app */;
			productType = "com.apple.product-type.application";
		};
		E4713EEB1E399ED3004CC166 /* ClosrTests */ = {
			isa = PBXNativeTarget;
			buildConfigurationList = E4713F031E399ED3004CC166 /* Build configuration list for PBXNativeTarget "ClosrTests" */;
			buildPhases = (
				6697E94A8634142DF8A7116B /* [CP] Check Pods Manifest.lock */,
				E4713EE81E399ED3004CC166 /* Sources */,
				E4713EE91E399ED3004CC166 /* Frameworks */,
				E4713EEA1E399ED3004CC166 /* Resources */,
				E3B50A67D50AE809037655D1 /* [CP] Embed Pods Frameworks */,
				B14D7671E633B67FA2FF859E /* [CP] Copy Pods Resources */,
			);
			buildRules = (
			);
			dependencies = (
				E4713EEE1E399ED3004CC166 /* PBXTargetDependency */,
			);
			name = ClosrTests;
			productName = ClosrTests;
			productReference = E4713EEC1E399ED3004CC166 /* ClosrTests.xctest */;
			productType = "com.apple.product-type.bundle.unit-test";
		};
		E4713EF61E399ED3004CC166 /* ClosrUITests */ = {
			isa = PBXNativeTarget;
			buildConfigurationList = E4713F061E399ED3004CC166 /* Build configuration list for PBXNativeTarget "ClosrUITests" */;
			buildPhases = (
				E4713EF31E399ED3004CC166 /* Sources */,
				E4713EF41E399ED3004CC166 /* Frameworks */,
				E4713EF51E399ED3004CC166 /* Resources */,
			);
			buildRules = (
			);
			dependencies = (
				E4713EF91E399ED3004CC166 /* PBXTargetDependency */,
			);
			name = ClosrUITests;
			productName = ClosrUITests;
			productReference = E4713EF71E399ED3004CC166 /* ClosrUITests.xctest */;
			productType = "com.apple.product-type.bundle.ui-testing";
		};
/* End PBXNativeTarget section */

/* Begin PBXProject section */
		E4713ECD1E399ED2004CC166 /* Project object */ = {
			isa = PBXProject;
			attributes = {
				LastSwiftUpdateCheck = 0820;
				LastUpgradeCheck = 0820;
				ORGANIZATIONNAME = closr;
				TargetAttributes = {
					E4713ED41E399ED2004CC166 = {
						CreatedOnToolsVersion = 8.2.1;
						DevelopmentTeam = G95XP478TT;
						LastSwiftMigration = 0820;
						ProvisioningStyle = Automatic;
					};
					E4713EEB1E399ED3004CC166 = {
						CreatedOnToolsVersion = 8.2.1;
						DevelopmentTeam = 47424952HG;
						LastSwiftMigration = 0820;
						ProvisioningStyle = Automatic;
						TestTargetID = E4713ED41E399ED2004CC166;
					};
					E4713EF61E399ED3004CC166 = {
						CreatedOnToolsVersion = 8.2.1;
						DevelopmentTeam = 47424952HG;
						LastSwiftMigration = 0820;
						ProvisioningStyle = Automatic;
						TestTargetID = E4713ED41E399ED2004CC166;
					};
				};
			};
			buildConfigurationList = E4713ED01E399ED2004CC166 /* Build configuration list for PBXProject "Closr" */;
			compatibilityVersion = "Xcode 3.2";
			developmentRegion = English;
			hasScannedForEncodings = 0;
			knownRegions = (
				en,
				Base,
			);
			mainGroup = E4713ECC1E399ED2004CC166;
			productRefGroup = E4713ED61E399ED2004CC166 /* Products */;
			projectDirPath = "";
			projectRoot = "";
			targets = (
				E4713ED41E399ED2004CC166 /* Closr */,
				E4713EEB1E399ED3004CC166 /* ClosrTests */,
				E4713EF61E399ED3004CC166 /* ClosrUITests */,
			);
		};
/* End PBXProject section */

/* Begin PBXResourcesBuildPhase section */
		E4713ED31E399ED2004CC166 /* Resources */ = {
			isa = PBXResourcesBuildPhase;
			buildActionMask = 2147483647;
			files = (
				36D94B861E7A37B500868A29 /* Assets.xcassets in Resources */,
				6942D1031EF8BE8B00988471 /* Launch Screen.storyboard in Resources */,
				36D94ACD1E5E889E00868A29 /* GoogleService-Info.plist in Resources */,
			);
			runOnlyForDeploymentPostprocessing = 0;
		};
		E4713EEA1E399ED3004CC166 /* Resources */ = {
			isa = PBXResourcesBuildPhase;
			buildActionMask = 2147483647;
			files = (
			);
			runOnlyForDeploymentPostprocessing = 0;
		};
		E4713EF51E399ED3004CC166 /* Resources */ = {
			isa = PBXResourcesBuildPhase;
			buildActionMask = 2147483647;
			files = (
			);
			runOnlyForDeploymentPostprocessing = 0;
		};
/* End PBXResourcesBuildPhase section */

/* Begin PBXShellScriptBuildPhase section */
		5E180B25ADB170067C684736 /* [CP] Check Pods Manifest.lock */ = {
			isa = PBXShellScriptBuildPhase;
			buildActionMask = 2147483647;
			files = (
			);
			inputPaths = (
			);
			name = "[CP] Check Pods Manifest.lock";
			outputPaths = (
			);
			runOnlyForDeploymentPostprocessing = 0;
			shellPath = /bin/sh;
			shellScript = "diff \"${PODS_PODFILE_DIR_PATH}/Podfile.lock\" \"${PODS_ROOT}/Manifest.lock\" > /dev/null\nif [ $? != 0 ] ; then\n    # print error to STDERR\n    echo \"error: The sandbox is not in sync with the Podfile.lock. Run 'pod install' or update your CocoaPods installation.\" >&2\n    exit 1\nfi\n";
			showEnvVarsInLog = 0;
		};
		6697E94A8634142DF8A7116B /* [CP] Check Pods Manifest.lock */ = {
			isa = PBXShellScriptBuildPhase;
			buildActionMask = 2147483647;
			files = (
			);
			inputPaths = (
			);
			name = "[CP] Check Pods Manifest.lock";
			outputPaths = (
			);
			runOnlyForDeploymentPostprocessing = 0;
			shellPath = /bin/sh;
			shellScript = "diff \"${PODS_PODFILE_DIR_PATH}/Podfile.lock\" \"${PODS_ROOT}/Manifest.lock\" > /dev/null\nif [ $? != 0 ] ; then\n    # print error to STDERR\n    echo \"error: The sandbox is not in sync with the Podfile.lock. Run 'pod install' or update your CocoaPods installation.\" >&2\n    exit 1\nfi\n";
			showEnvVarsInLog = 0;
		};
		72AEF6F365887734CA548AF5 /* [CP] Embed Pods Frameworks */ = {
			isa = PBXShellScriptBuildPhase;
			buildActionMask = 2147483647;
			files = (
			);
			inputPaths = (
			);
			name = "[CP] Embed Pods Frameworks";
			outputPaths = (
			);
			runOnlyForDeploymentPostprocessing = 0;
			shellPath = /bin/sh;
			shellScript = "\"${SRCROOT}/Pods/Target Support Files/Pods-Closr/Pods-Closr-frameworks.sh\"\n";
			showEnvVarsInLog = 0;
		};
		AD17B846AA0FEC53A103F5C7 /* [CP] Copy Pods Resources */ = {
			isa = PBXShellScriptBuildPhase;
			buildActionMask = 2147483647;
			files = (
			);
			inputPaths = (
			);
			name = "[CP] Copy Pods Resources";
			outputPaths = (
			);
			runOnlyForDeploymentPostprocessing = 0;
			shellPath = /bin/sh;
			shellScript = "\"${SRCROOT}/Pods/Target Support Files/Pods-Closr/Pods-Closr-resources.sh\"\n";
			showEnvVarsInLog = 0;
		};
		B14D7671E633B67FA2FF859E /* [CP] Copy Pods Resources */ = {
			isa = PBXShellScriptBuildPhase;
			buildActionMask = 2147483647;
			files = (
			);
			inputPaths = (
			);
			name = "[CP] Copy Pods Resources";
			outputPaths = (
			);
			runOnlyForDeploymentPostprocessing = 0;
			shellPath = /bin/sh;
			shellScript = "\"${SRCROOT}/Pods/Target Support Files/Pods-ClosrTests/Pods-ClosrTests-resources.sh\"\n";
			showEnvVarsInLog = 0;
		};
		E3B50A67D50AE809037655D1 /* [CP] Embed Pods Frameworks */ = {
			isa = PBXShellScriptBuildPhase;
			buildActionMask = 2147483647;
			files = (
			);
			inputPaths = (
			);
			name = "[CP] Embed Pods Frameworks";
			outputPaths = (
			);
			runOnlyForDeploymentPostprocessing = 0;
			shellPath = /bin/sh;
			shellScript = "\"${SRCROOT}/Pods/Target Support Files/Pods-ClosrTests/Pods-ClosrTests-frameworks.sh\"\n";
			showEnvVarsInLog = 0;
		};
/* End PBXShellScriptBuildPhase section */

/* Begin PBXSourcesBuildPhase section */
		E4713ED11E399ED2004CC166 /* Sources */ = {
			isa = PBXSourcesBuildPhase;
			buildActionMask = 2147483647;
			files = (
				69FA432F1F26FA1200A16BB8 /* JoinEventTableViewCell.swift in Sources */,
				69FA432E1F26FA1200A16BB8 /* JoinEventListViewController.swift in Sources */,
				69BA88571EDA375B0039E237 /* CategoryCollectionViewCell.swift in Sources */,
				E477F0051E56710300ED7806 /* AppAppearance.swift in Sources */,
				E477EFFD1E56692400ED7806 /* PromotionContainerView.swift in Sources */,
				E477F00F1E5DCB7600ED7806 /* RestaurantDetailViewController.swift in Sources */,
				69FA43391F2854C400A16BB8 /* EventInfoTableViewCell.swift in Sources */,
				E46ECDEA1E50D6C400785BE6 /* Device.swift in Sources */,
				E46ECDE61E50D66400785BE6 /* LoginViewController.swift in Sources */,
				E42563041E7190420078E9ED /* ReviewHelper.swift in Sources */,
				E4AAB73C1E3ECC6B001EB362 /* YelpPlace.swift in Sources */,
				E42562F91E703CD10078E9ED /* RestaurantDetailDescriptionCell.swift in Sources */,
				69FA43361F2851E800A16BB8 /* EventDetailViewController.swift in Sources */,
				E42562FA1E703CD10078E9ED /* ImageCarouselViewController.swift in Sources */,
				E42563011E718B430078E9ED /* UILabel+Make.swift in Sources */,
				E4713EDB1E399ED2004CC166 /* RootViewController.swift in Sources */,
				E458B1DE1E6701FC00EE7736 /* RangeSliderTableViewCell.swift in Sources */,
				E46ECDF81E50E49B00785BE6 /* Image+Editing.swift in Sources */,
				E4713ED91E399ED2004CC166 /* AppDelegate.swift in Sources */,
				E4AAB7391E3ECC12001EB362 /* PlaceSearchRequest.swift in Sources */,
				E4AAB73E1E3ECC93001EB362 /* YelpPlaceSearch.swift in Sources */,
				69FA43281F26F96900A16BB8 /* EventViewController.swift in Sources */,
				69E322701F4536CC00061903 /* EventMapTableViewCell.swift in Sources */,
				691B58FD1E87875C00ABEF6A /* ProfileActionFooterView.swift in Sources */,
				E46ECDE01E50D61800785BE6 /* ProfileConfirmViewController.swift in Sources */,
				69C810BA1F316B7000113A41 /* EventAttendantTableViewCell.swift in Sources */,
				E458B1D91E66FFA100EE7736 /* CreateEventViewController.swift in Sources */,
				4CFFEE771E7B0B31009E8CB7 /* Promotion.swift in Sources */,
				E46ECDFD1E51313C00785BE6 /* String+Format.swift in Sources */,
				E477F0181E5DDBB400ED7806 /* ImageCarouselCell.swift in Sources */,
				E477F00D1E5DC74D00ED7806 /* Location.swift in Sources */,
				E458B1DC1E6701E700EE7736 /* TextFieldTableViewCell.swift in Sources */,
				69FA43301F26FA1200A16BB8 /* MyEventCollectionViewCell.swift in Sources */,
				4CA91CD81E577AAF00A8F51C /* Notification.swift in Sources */,
				69BA885B1EDA460B0039E237 /* TableViewSectionHeader.swift in Sources */,
				E4713EE11E399ED2004CC166 /* Closr.xcdatamodeld in Sources */,
				E46ECDEF1E50DD9500785BE6 /* ProfileConstant.swift in Sources */,
				E46ECDED1E50DA2400785BE6 /* ProfileContainerView.swift in Sources */,
				E46A44921E8CA4BE00B9CB10 /* ProfileInfoHeaderView.swift in Sources */,
				E4E99E041E7A31F100A10DA7 /* RestaurantListViewController.swift in Sources */,
				69BA88591EDA3AF40039E237 /* CategoryCarouselTableViewCell.swift in Sources */,
				E4A885BA1E53414F0093829E /* KeyboardObserver.swift in Sources */,
				69173E9D1F12948200F791A5 /* DetailTableViewController.swift in Sources */,
				E477F00B1E5730A100ED7806 /* PromotionListViewController.swift in Sources */,
				69E750821E86122A00E7EFB0 /* SegmentControlTableViewCell.swift in Sources */,
				69BD54901E86C20C0037A7EE /* EventAttendantCollectionViewCell.swift in Sources */,
				69F13CAF1E82B38100E3483F /* Event.swift in Sources */,
				E477F0071E567DBF00ED7806 /* Reusable.swift in Sources */,
				E477EFFB1E5668DA00ED7806 /* PromotionCollectionViewCell.swift in Sources */,
				E477F0091E57305600ED7806 /* TabBarController.swift in Sources */,
				69FA43321F26FA1200A16BB8 /* MyEventViewController.swift in Sources */,
				698CFD751F43F99900ECF7AA /* EventGalleryTableViewCell.swift in Sources */,
				E477EFF91E56652600ED7806 /* PromotionListConstant.swift in Sources */,
				69FA43311F26FA1200A16BB8 /* MyEventTableViewCell.swift in Sources */,
				E4AAB7431E407E25001EB362 /* ImageLoader.swift in Sources */,
				6942D1071EFA1B6500988471 /* UIView+Animation.swift in Sources */,
				E46ECDFB1E511EB400785BE6 /* User.swift in Sources */,
				E4E99DFE1E7A31B400A10DA7 /* RestaurantTableViewCell.swift in Sources */,
				6942D1051EFA0BD600988471 /* UIViewController+Appearance.swift in Sources */,
			);
			runOnlyForDeploymentPostprocessing = 0;
		};
		E4713EE81E399ED3004CC166 /* Sources */ = {
			isa = PBXSourcesBuildPhase;
			buildActionMask = 2147483647;
			files = (
				695A316A1ECC3AC50087183F /* ReviewHelperTests.swift in Sources */,
			);
			runOnlyForDeploymentPostprocessing = 0;
		};
		E4713EF31E399ED3004CC166 /* Sources */ = {
			isa = PBXSourcesBuildPhase;
			buildActionMask = 2147483647;
			files = (
				E4713EFC1E399ED3004CC166 /* ClosrUITests.swift in Sources */,
			);
			runOnlyForDeploymentPostprocessing = 0;
		};
/* End PBXSourcesBuildPhase section */

/* Begin PBXTargetDependency section */
		E4713EEE1E399ED3004CC166 /* PBXTargetDependency */ = {
			isa = PBXTargetDependency;
			target = E4713ED41E399ED2004CC166 /* Closr */;
			targetProxy = E4713EED1E399ED3004CC166 /* PBXContainerItemProxy */;
		};
		E4713EF91E399ED3004CC166 /* PBXTargetDependency */ = {
			isa = PBXTargetDependency;
			target = E4713ED41E399ED2004CC166 /* Closr */;
			targetProxy = E4713EF81E399ED3004CC166 /* PBXContainerItemProxy */;
		};
/* End PBXTargetDependency section */

/* Begin XCBuildConfiguration section */
		E4713EFE1E399ED3004CC166 /* Debug */ = {
			isa = XCBuildConfiguration;
			buildSettings = {
				ALWAYS_SEARCH_USER_PATHS = NO;
				CLANG_ANALYZER_NONNULL = YES;
				CLANG_CXX_LANGUAGE_STANDARD = "gnu++0x";
				CLANG_CXX_LIBRARY = "libc++";
				CLANG_ENABLE_MODULES = YES;
				CLANG_ENABLE_OBJC_ARC = YES;
				CLANG_WARN_BOOL_CONVERSION = YES;
				CLANG_WARN_CONSTANT_CONVERSION = YES;
				CLANG_WARN_DIRECT_OBJC_ISA_USAGE = YES_ERROR;
				CLANG_WARN_DOCUMENTATION_COMMENTS = YES;
				CLANG_WARN_EMPTY_BODY = YES;
				CLANG_WARN_ENUM_CONVERSION = YES;
				CLANG_WARN_INFINITE_RECURSION = YES;
				CLANG_WARN_INT_CONVERSION = YES;
				CLANG_WARN_OBJC_ROOT_CLASS = YES_ERROR;
				CLANG_WARN_SUSPICIOUS_MOVE = YES;
				CLANG_WARN_UNREACHABLE_CODE = YES;
				CLANG_WARN__DUPLICATE_METHOD_MATCH = YES;
				"CODE_SIGN_IDENTITY[sdk=iphoneos*]" = "iPhone Developer";
				COPY_PHASE_STRIP = NO;
				DEBUG_INFORMATION_FORMAT = dwarf;
				ENABLE_STRICT_OBJC_MSGSEND = YES;
				ENABLE_TESTABILITY = YES;
				GCC_C_LANGUAGE_STANDARD = gnu99;
				GCC_DYNAMIC_NO_PIC = NO;
				GCC_NO_COMMON_BLOCKS = YES;
				GCC_OPTIMIZATION_LEVEL = 0;
				GCC_PREPROCESSOR_DEFINITIONS = (
					"DEBUG=1",
					"$(inherited)",
				);
				GCC_WARN_64_TO_32_BIT_CONVERSION = YES;
				GCC_WARN_ABOUT_RETURN_TYPE = YES_ERROR;
				GCC_WARN_UNDECLARED_SELECTOR = YES;
				GCC_WARN_UNINITIALIZED_AUTOS = YES_AGGRESSIVE;
				GCC_WARN_UNUSED_FUNCTION = YES;
				GCC_WARN_UNUSED_VARIABLE = YES;
				IPHONEOS_DEPLOYMENT_TARGET = 10.2;
				MTL_ENABLE_DEBUG_INFO = YES;
				ONLY_ACTIVE_ARCH = YES;
				SDKROOT = iphoneos;
				SWIFT_ACTIVE_COMPILATION_CONDITIONS = DEBUG;
				SWIFT_OPTIMIZATION_LEVEL = "-Onone";
				TARGETED_DEVICE_FAMILY = "1,2";
			};
			name = Debug;
		};
		E4713EFF1E399ED3004CC166 /* Release */ = {
			isa = XCBuildConfiguration;
			buildSettings = {
				ALWAYS_SEARCH_USER_PATHS = NO;
				CLANG_ANALYZER_NONNULL = YES;
				CLANG_CXX_LANGUAGE_STANDARD = "gnu++0x";
				CLANG_CXX_LIBRARY = "libc++";
				CLANG_ENABLE_MODULES = YES;
				CLANG_ENABLE_OBJC_ARC = YES;
				CLANG_WARN_BOOL_CONVERSION = YES;
				CLANG_WARN_CONSTANT_CONVERSION = YES;
				CLANG_WARN_DIRECT_OBJC_ISA_USAGE = YES_ERROR;
				CLANG_WARN_DOCUMENTATION_COMMENTS = YES;
				CLANG_WARN_EMPTY_BODY = YES;
				CLANG_WARN_ENUM_CONVERSION = YES;
				CLANG_WARN_INFINITE_RECURSION = YES;
				CLANG_WARN_INT_CONVERSION = YES;
				CLANG_WARN_OBJC_ROOT_CLASS = YES_ERROR;
				CLANG_WARN_SUSPICIOUS_MOVE = YES;
				CLANG_WARN_UNREACHABLE_CODE = YES;
				CLANG_WARN__DUPLICATE_METHOD_MATCH = YES;
				"CODE_SIGN_IDENTITY[sdk=iphoneos*]" = "iPhone Developer";
				COPY_PHASE_STRIP = NO;
				DEBUG_INFORMATION_FORMAT = "dwarf-with-dsym";
				ENABLE_NS_ASSERTIONS = NO;
				ENABLE_STRICT_OBJC_MSGSEND = YES;
				GCC_C_LANGUAGE_STANDARD = gnu99;
				GCC_NO_COMMON_BLOCKS = YES;
				GCC_WARN_64_TO_32_BIT_CONVERSION = YES;
				GCC_WARN_ABOUT_RETURN_TYPE = YES_ERROR;
				GCC_WARN_UNDECLARED_SELECTOR = YES;
				GCC_WARN_UNINITIALIZED_AUTOS = YES_AGGRESSIVE;
				GCC_WARN_UNUSED_FUNCTION = YES;
				GCC_WARN_UNUSED_VARIABLE = YES;
				IPHONEOS_DEPLOYMENT_TARGET = 10.2;
				MTL_ENABLE_DEBUG_INFO = NO;
				SDKROOT = iphoneos;
				SWIFT_OPTIMIZATION_LEVEL = "-Owholemodule";
				TARGETED_DEVICE_FAMILY = "1,2";
				VALIDATE_PRODUCT = YES;
			};
			name = Release;
		};
		E4713F011E399ED3004CC166 /* Debug */ = {
			isa = XCBuildConfiguration;
			baseConfigurationReference = 48B494F9B1CEF7FCA9E464A3 /* Pods-Closr.debug.xcconfig */;
			buildSettings = {
				ASSETCATALOG_COMPILER_APPICON_NAME = AppIcon;
				"CODE_SIGN_IDENTITY[sdk=iphoneos*]" = "iPhone Developer";
				DEVELOPMENT_TEAM = G95XP478TT;
				INFOPLIST_FILE = Closr/Info.plist;
				IPHONEOS_DEPLOYMENT_TARGET = 9.0;
				LD_RUNPATH_SEARCH_PATHS = "$(inherited) @executable_path/Frameworks";
				PRODUCT_BUNDLE_IDENTIFIER = com.closr.mobile.Closr;
				PRODUCT_NAME = "$(TARGET_NAME)";
				SWIFT_VERSION = 3.0;
				TARGETED_DEVICE_FAMILY = 1;
			};
			name = Debug;
		};
		E4713F021E399ED3004CC166 /* Release */ = {
			isa = XCBuildConfiguration;
			baseConfigurationReference = A67206956609D6F4E129FFC4 /* Pods-Closr.release.xcconfig */;
			buildSettings = {
				ASSETCATALOG_COMPILER_APPICON_NAME = AppIcon;
				"CODE_SIGN_IDENTITY[sdk=iphoneos*]" = "iPhone Developer";
				DEVELOPMENT_TEAM = G95XP478TT;
				INFOPLIST_FILE = Closr/Info.plist;
				IPHONEOS_DEPLOYMENT_TARGET = 9.0;
				LD_RUNPATH_SEARCH_PATHS = "$(inherited) @executable_path/Frameworks";
				PRODUCT_BUNDLE_IDENTIFIER = com.closr.mobile.Closr;
				PRODUCT_NAME = "$(TARGET_NAME)";
				SWIFT_VERSION = 3.0;
				TARGETED_DEVICE_FAMILY = 1;
			};
			name = Release;
		};
		E4713F041E399ED3004CC166 /* Debug */ = {
			isa = XCBuildConfiguration;
			baseConfigurationReference = 2D49278ECCB91E5347BDEBE1 /* Pods-ClosrTests.debug.xcconfig */;
			buildSettings = {
				BUNDLE_LOADER = "$(TEST_HOST)";
				DEVELOPMENT_TEAM = 47424952HG;
				INFOPLIST_FILE = ClosrTests/Info.plist;
				LD_RUNPATH_SEARCH_PATHS = "$(inherited) @executable_path/Frameworks @loader_path/Frameworks";
				PRODUCT_BUNDLE_IDENTIFIER = com.closr.mobile.ClosrTests;
				PRODUCT_NAME = "$(TARGET_NAME)";
				SWIFT_VERSION = 3.0;
				TEST_HOST = "$(BUILT_PRODUCTS_DIR)/Closr.app/Closr";
			};
			name = Debug;
		};
		E4713F051E399ED3004CC166 /* Release */ = {
			isa = XCBuildConfiguration;
			baseConfigurationReference = 50163C0A5221D5BF6257B9A8 /* Pods-ClosrTests.release.xcconfig */;
			buildSettings = {
				BUNDLE_LOADER = "$(TEST_HOST)";
				DEVELOPMENT_TEAM = 47424952HG;
				INFOPLIST_FILE = ClosrTests/Info.plist;
				LD_RUNPATH_SEARCH_PATHS = "$(inherited) @executable_path/Frameworks @loader_path/Frameworks";
				PRODUCT_BUNDLE_IDENTIFIER = com.closr.mobile.ClosrTests;
				PRODUCT_NAME = "$(TARGET_NAME)";
				SWIFT_VERSION = 3.0;
				TEST_HOST = "$(BUILT_PRODUCTS_DIR)/Closr.app/Closr";
			};
			name = Release;
		};
		E4713F071E399ED3004CC166 /* Debug */ = {
			isa = XCBuildConfiguration;
			buildSettings = {
				DEVELOPMENT_TEAM = 47424952HG;
				INFOPLIST_FILE = ClosrUITests/Info.plist;
				LD_RUNPATH_SEARCH_PATHS = "$(inherited) @executable_path/Frameworks @loader_path/Frameworks";
				PRODUCT_BUNDLE_IDENTIFIER = com.closr.mobile.ClosrUITests;
				PRODUCT_NAME = "$(TARGET_NAME)";
				SWIFT_VERSION = 3.0;
				TEST_TARGET_NAME = Closr;
			};
			name = Debug;
		};
		E4713F081E399ED3004CC166 /* Release */ = {
			isa = XCBuildConfiguration;
			buildSettings = {
				DEVELOPMENT_TEAM = 47424952HG;
				INFOPLIST_FILE = ClosrUITests/Info.plist;
				LD_RUNPATH_SEARCH_PATHS = "$(inherited) @executable_path/Frameworks @loader_path/Frameworks";
				PRODUCT_BUNDLE_IDENTIFIER = com.closr.mobile.ClosrUITests;
				PRODUCT_NAME = "$(TARGET_NAME)";
				SWIFT_VERSION = 3.0;
				TEST_TARGET_NAME = Closr;
			};
			name = Release;
		};
/* End XCBuildConfiguration section */

/* Begin XCConfigurationList section */
		E4713ED01E399ED2004CC166 /* Build configuration list for PBXProject "Closr" */ = {
			isa = XCConfigurationList;
			buildConfigurations = (
				E4713EFE1E399ED3004CC166 /* Debug */,
				E4713EFF1E399ED3004CC166 /* Release */,
			);
			defaultConfigurationIsVisible = 0;
			defaultConfigurationName = Release;
		};
		E4713F001E399ED3004CC166 /* Build configuration list for PBXNativeTarget "Closr" */ = {
			isa = XCConfigurationList;
			buildConfigurations = (
				E4713F011E399ED3004CC166 /* Debug */,
				E4713F021E399ED3004CC166 /* Release */,
			);
			defaultConfigurationIsVisible = 0;
			defaultConfigurationName = Release;
		};
		E4713F031E399ED3004CC166 /* Build configuration list for PBXNativeTarget "ClosrTests" */ = {
			isa = XCConfigurationList;
			buildConfigurations = (
				E4713F041E399ED3004CC166 /* Debug */,
				E4713F051E399ED3004CC166 /* Release */,
			);
			defaultConfigurationIsVisible = 0;
			defaultConfigurationName = Release;
		};
		E4713F061E399ED3004CC166 /* Build configuration list for PBXNativeTarget "ClosrUITests" */ = {
			isa = XCConfigurationList;
			buildConfigurations = (
				E4713F071E399ED3004CC166 /* Debug */,
				E4713F081E399ED3004CC166 /* Release */,
			);
			defaultConfigurationIsVisible = 0;
			defaultConfigurationName = Release;
		};
/* End XCConfigurationList section */

/* Begin XCVersionGroup section */
		E4713EDF1E399ED2004CC166 /* Closr.xcdatamodeld */ = {
			isa = XCVersionGroup;
			children = (
				E4713EE01E399ED2004CC166 /* Closr.xcdatamodel */,
			);
			currentVersion = E4713EE01E399ED2004CC166 /* Closr.xcdatamodel */;
			path = Closr.xcdatamodeld;
			sourceTree = "<group>";
			versionGroupType = wrapper.xcdatamodel;
		};
/* End XCVersionGroup section */
	};
	rootObject = E4713ECD1E399ED2004CC166 /* Project object */;
}
